// !$*UTF8*$!
{
	archiveVersion = 1;
	classes = {
	};
	objectVersion = 46;
	objects = {

/* Begin PBXBuildFile section */
		36A0D9C0140A06260055C8DA /* main.c in Sources */ = {isa = PBXBuildFile; fileRef = 36A0D9BF140A06260055C8DA /* main.c */; };
		36A0D9C2140A06260055C8DA /* test.1 in CopyFiles */ = {isa = PBXBuildFile; fileRef = 36A0D9C1140A06260055C8DA /* test.1 */; };
		36A0DA08140A09460055C8DA /* env.c in Sources */ = {isa = PBXBuildFile; fileRef = 36A0D9B6140A06090055C8DA /* env.c */; };
		36A0DA09140A09540055C8DA /* analyze-linkage.c in Sources */ = {isa = PBXBuildFile; fileRef = 36075254140A03AB00331A43 /* analyze-linkage.c */; };
		36A0DA0A140A09540055C8DA /* and.c in Sources */ = {isa = PBXBuildFile; fileRef = 36075255140A03AB00331A43 /* and.c */; };
		36A0DA0B140A09540055C8DA /* api-example.c in Sources */ = {isa = PBXBuildFile; fileRef = 36075256140A03AB00331A43 /* api-example.c */; };
		36A0DA0C140A09540055C8DA /* api.c in Sources */ = {isa = PBXBuildFile; fileRef = 36075257140A03AB00331A43 /* api.c */; };
		36A0DA0D140A09540055C8DA /* build-disjuncts.c in Sources */ = {isa = PBXBuildFile; fileRef = 36075258140A03AB00331A43 /* build-disjuncts.c */; };
		36A0DA0E140A09540055C8DA /* command-line.c in Sources */ = {isa = PBXBuildFile; fileRef = 36075259140A03AB00331A43 /* command-line.c */; };
		36A0DA0F140A09540055C8DA /* constituent-example.c in Sources */ = {isa = PBXBuildFile; fileRef = 3607525A140A03AB00331A43 /* constituent-example.c */; };
		36A0DA10140A09540055C8DA /* constituents.c in Sources */ = {isa = PBXBuildFile; fileRef = 3607525B140A03AB00331A43 /* constituents.c */; };
		36A0DA11140A09540055C8DA /* count.c in Sources */ = {isa = PBXBuildFile; fileRef = 3607525C140A03AB00331A43 /* count.c */; };
		36A0DA12140A09540055C8DA /* error.c in Sources */ = {isa = PBXBuildFile; fileRef = 3607525D140A03AB00331A43 /* error.c */; };
		36A0DA13140A09540055C8DA /* extract-links.c in Sources */ = {isa = PBXBuildFile; fileRef = 3607525E140A03AB00331A43 /* extract-links.c */; };
		36A0DA14140A09540055C8DA /* fast-match.c in Sources */ = {isa = PBXBuildFile; fileRef = 3607525F140A03AB00331A43 /* fast-match.c */; };
		36A0DA15140A09540055C8DA /* idiom.c in Sources */ = {isa = PBXBuildFile; fileRef = 36075260140A03AB00331A43 /* idiom.c */; };
		36A0DA16140A09540055C8DA /* linkset.c in Sources */ = {isa = PBXBuildFile; fileRef = 36075261140A03AB00331A43 /* linkset.c */; };
		36A0DA17140A09540055C8DA /* massage.c in Sources */ = {isa = PBXBuildFile; fileRef = 36075262140A03AB00331A43 /* massage.c */; };
		36A0DA18140A09540055C8DA /* post-process.c in Sources */ = {isa = PBXBuildFile; fileRef = 36075263140A03AB00331A43 /* post-process.c */; };
		36A0DA19140A09540055C8DA /* pp_knowledge.c in Sources */ = {isa = PBXBuildFile; fileRef = 36075264140A03AB00331A43 /* pp_knowledge.c */; };
		36A0DA1A140A09540055C8DA /* pp_lexer.c in Sources */ = {isa = PBXBuildFile; fileRef = 36075265140A03AB00331A43 /* pp_lexer.c */; };
		36A0DA1B140A09540055C8DA /* pp_linkset.c in Sources */ = {isa = PBXBuildFile; fileRef = 36075266140A03AB00331A43 /* pp_linkset.c */; };
		36A0DA1C140A09540055C8DA /* preparation.c in Sources */ = {isa = PBXBuildFile; fileRef = 36075267140A03AB00331A43 /* preparation.c */; };
		36A0DA1D140A09540055C8DA /* print-util.c in Sources */ = {isa = PBXBuildFile; fileRef = 36075268140A03AB00331A43 /* print-util.c */; };
		36A0DA1E140A09540055C8DA /* print.c in Sources */ = {isa = PBXBuildFile; fileRef = 36075269140A03AB00331A43 /* print.c */; };
		36A0DA1F140A09540055C8DA /* prune.c in Sources */ = {isa = PBXBuildFile; fileRef = 3607526A140A03AB00331A43 /* prune.c */; };
		36A0DA20140A09540055C8DA /* read-dict.c in Sources */ = {isa = PBXBuildFile; fileRef = 3607526B140A03AB00331A43 /* read-dict.c */; };
		36A0DA21140A09540055C8DA /* resources.c in Sources */ = {isa = PBXBuildFile; fileRef = 3607526C140A03AB00331A43 /* resources.c */; };
		36A0DA22140A09540055C8DA /* string-set.c in Sources */ = {isa = PBXBuildFile; fileRef = 3607526D140A03AB00331A43 /* string-set.c */; };
		36A0DA23140A09540055C8DA /* tokenize.c in Sources */ = {isa = PBXBuildFile; fileRef = 3607526E140A03AB00331A43 /* tokenize.c */; };
		36A0DA24140A09540055C8DA /* utilities.c in Sources */ = {isa = PBXBuildFile; fileRef = 3607526F140A03AB00331A43 /* utilities.c */; };
		36A0DA25140A09540055C8DA /* word-file.c in Sources */ = {isa = PBXBuildFile; fileRef = 36075270140A03AB00331A43 /* word-file.c */; };
		36A0DA26140A09540055C8DA /* www-parse.c in Sources */ = {isa = PBXBuildFile; fileRef = 36075271140A03AB00331A43 /* www-parse.c */; };
/* End PBXBuildFile section */

/* Begin PBXCopyFilesBuildPhase section */
		36A0D9BA140A06260055C8DA /* CopyFiles */ = {
			isa = PBXCopyFilesBuildPhase;
			buildActionMask = 2147483647;
			dstPath = /usr/share/man/man1/;
			dstSubfolderSpec = 0;
			files = (
				36A0D9C2140A06260055C8DA /* test.1 in CopyFiles */,
			);
			runOnlyForDeploymentPostprocessing = 1;
		};
/* End PBXCopyFilesBuildPhase section */

/* Begin PBXFileReference section */
		36075254140A03AB00331A43 /* analyze-linkage.c */ = {isa = PBXFileReference; fileEncoding = 4; lastKnownFileType = sourcecode.c.c; path = "analyze-linkage.c"; sourceTree = "<group>"; };
		36075255140A03AB00331A43 /* and.c */ = {isa = PBXFileReference; fileEncoding = 4; lastKnownFileType = sourcecode.c.c; path = and.c; sourceTree = "<group>"; };
		36075256140A03AB00331A43 /* api-example.c */ = {isa = PBXFileReference; fileEncoding = 4; lastKnownFileType = sourcecode.c.c; path = "api-example.c"; sourceTree = "<group>"; };
		36075257140A03AB00331A43 /* api.c */ = {isa = PBXFileReference; fileEncoding = 4; lastKnownFileType = sourcecode.c.c; path = api.c; sourceTree = "<group>"; };
		36075258140A03AB00331A43 /* build-disjuncts.c */ = {isa = PBXFileReference; fileEncoding = 4; lastKnownFileType = sourcecode.c.c; path = "build-disjuncts.c"; sourceTree = "<group>"; };
		36075259140A03AB00331A43 /* command-line.c */ = {isa = PBXFileReference; fileEncoding = 4; lastKnownFileType = sourcecode.c.c; path = "command-line.c"; sourceTree = "<group>"; };
		3607525A140A03AB00331A43 /* constituent-example.c */ = {isa = PBXFileReference; fileEncoding = 4; lastKnownFileType = sourcecode.c.c; path = "constituent-example.c"; sourceTree = "<group>"; };
		3607525B140A03AB00331A43 /* constituents.c */ = {isa = PBXFileReference; fileEncoding = 4; lastKnownFileType = sourcecode.c.c; path = constituents.c; sourceTree = "<group>"; };
		3607525C140A03AB00331A43 /* count.c */ = {isa = PBXFileReference; fileEncoding = 4; lastKnownFileType = sourcecode.c.c; path = count.c; sourceTree = "<group>"; };
		3607525D140A03AB00331A43 /* error.c */ = {isa = PBXFileReference; fileEncoding = 4; lastKnownFileType = sourcecode.c.c; path = error.c; sourceTree = "<group>"; };
		3607525E140A03AB00331A43 /* extract-links.c */ = {isa = PBXFileReference; fileEncoding = 4; lastKnownFileType = sourcecode.c.c; path = "extract-links.c"; sourceTree = "<group>"; };
		3607525F140A03AB00331A43 /* fast-match.c */ = {isa = PBXFileReference; fileEncoding = 4; lastKnownFileType = sourcecode.c.c; path = "fast-match.c"; sourceTree = "<group>"; };
		36075260140A03AB00331A43 /* idiom.c */ = {isa = PBXFileReference; fileEncoding = 4; lastKnownFileType = sourcecode.c.c; path = idiom.c; sourceTree = "<group>"; };
		36075261140A03AB00331A43 /* linkset.c */ = {isa = PBXFileReference; fileEncoding = 4; lastKnownFileType = sourcecode.c.c; path = linkset.c; sourceTree = "<group>"; };
		36075262140A03AB00331A43 /* massage.c */ = {isa = PBXFileReference; fileEncoding = 4; lastKnownFileType = sourcecode.c.c; path = massage.c; sourceTree = "<group>"; };
		36075263140A03AB00331A43 /* post-process.c */ = {isa = PBXFileReference; fileEncoding = 4; lastKnownFileType = sourcecode.c.c; path = "post-process.c"; sourceTree = "<group>"; };
		36075264140A03AB00331A43 /* pp_knowledge.c */ = {isa = PBXFileReference; fileEncoding = 4; lastKnownFileType = sourcecode.c.c; path = pp_knowledge.c; sourceTree = "<group>"; };
		36075265140A03AB00331A43 /* pp_lexer.c */ = {isa = PBXFileReference; fileEncoding = 4; lastKnownFileType = sourcecode.c.c; path = pp_lexer.c; sourceTree = "<group>"; };
		36075266140A03AB00331A43 /* pp_linkset.c */ = {isa = PBXFileReference; fileEncoding = 4; lastKnownFileType = sourcecode.c.c; path = pp_linkset.c; sourceTree = "<group>"; };
		36075267140A03AB00331A43 /* preparation.c */ = {isa = PBXFileReference; fileEncoding = 4; lastKnownFileType = sourcecode.c.c; path = preparation.c; sourceTree = "<group>"; };
		36075268140A03AB00331A43 /* print-util.c */ = {isa = PBXFileReference; fileEncoding = 4; lastKnownFileType = sourcecode.c.c; path = "print-util.c"; sourceTree = "<group>"; };
		36075269140A03AB00331A43 /* print.c */ = {isa = PBXFileReference; fileEncoding = 4; lastKnownFileType = sourcecode.c.c; path = print.c; sourceTree = "<group>"; };
		3607526A140A03AB00331A43 /* prune.c */ = {isa = PBXFileReference; fileEncoding = 4; lastKnownFileType = sourcecode.c.c; path = prune.c; sourceTree = "<group>"; };
		3607526B140A03AB00331A43 /* read-dict.c */ = {isa = PBXFileReference; fileEncoding = 4; lastKnownFileType = sourcecode.c.c; path = "read-dict.c"; sourceTree = "<group>"; };
		3607526C140A03AB00331A43 /* resources.c */ = {isa = PBXFileReference; fileEncoding = 4; lastKnownFileType = sourcecode.c.c; path = resources.c; sourceTree = "<group>"; };
		3607526D140A03AB00331A43 /* string-set.c */ = {isa = PBXFileReference; fileEncoding = 4; lastKnownFileType = sourcecode.c.c; path = "string-set.c"; sourceTree = "<group>"; };
		3607526E140A03AB00331A43 /* tokenize.c */ = {isa = PBXFileReference; fileEncoding = 4; lastKnownFileType = sourcecode.c.c; path = tokenize.c; sourceTree = "<group>"; };
		3607526F140A03AB00331A43 /* utilities.c */ = {isa = PBXFileReference; fileEncoding = 4; lastKnownFileType = sourcecode.c.c; path = utilities.c; sourceTree = "<group>"; };
		36075270140A03AB00331A43 /* word-file.c */ = {isa = PBXFileReference; fileEncoding = 4; lastKnownFileType = sourcecode.c.c; path = "word-file.c"; sourceTree = "<group>"; };
		36075271140A03AB00331A43 /* www-parse.c */ = {isa = PBXFileReference; fileEncoding = 4; lastKnownFileType = sourcecode.c.c; path = "www-parse.c"; sourceTree = "<group>"; };
		36A0D9B5140A05FD0055C8DA /* env.h */ = {isa = PBXFileReference; fileEncoding = 4; lastKnownFileType = sourcecode.c.h; name = env.h; path = comprehend.api/comprehend.api/env.h; sourceTree = "<group>"; };
		36A0D9B6140A06090055C8DA /* env.c */ = {isa = PBXFileReference; fileEncoding = 4; lastKnownFileType = sourcecode.c.c; name = env.c; path = comprehend.api/comprehend.api/env.c; sourceTree = "<group>"; };
		36A0D9BC140A06260055C8DA /* test */ = {isa = PBXFileReference; explicitFileType = "compiled.mach-o.executable"; includeInIndex = 0; path = test; sourceTree = BUILT_PRODUCTS_DIR; };
		36A0D9BF140A06260055C8DA /* main.c */ = {isa = PBXFileReference; lastKnownFileType = sourcecode.c.c; path = main.c; sourceTree = "<group>"; };
		36A0D9C1140A06260055C8DA /* test.1 */ = {isa = PBXFileReference; lastKnownFileType = text.man; path = test.1; sourceTree = "<group>"; };
		36A0D9C8140A06B80055C8DA /* 4.0.affix */ = {isa = PBXFileReference; fileEncoding = 4; lastKnownFileType = text; path = 4.0.affix; sourceTree = "<group>"; };
		36A0D9C9140A06B80055C8DA /* 4.0.batch */ = {isa = PBXFileReference; fileEncoding = 4; lastKnownFileType = text; path = 4.0.batch; sourceTree = "<group>"; };
		36A0D9CA140A06B80055C8DA /* 4.0.constituent-knowledge */ = {isa = PBXFileReference; fileEncoding = 4; lastKnownFileType = text; path = "4.0.constituent-knowledge"; sourceTree = "<group>"; };
		36A0D9CB140A06B80055C8DA /* 4.0.dict */ = {isa = PBXFileReference; lastKnownFileType = text.plist; path = 4.0.dict; sourceTree = "<group>"; };
		36A0D9CC140A06B80055C8DA /* 4.0.knowledge */ = {isa = PBXFileReference; fileEncoding = 4; lastKnownFileType = text; path = 4.0.knowledge; sourceTree = "<group>"; };
		36A0D9CD140A06B80055C8DA /* tiny.dict */ = {isa = PBXFileReference; lastKnownFileType = text.plist; path = tiny.dict; sourceTree = "<group>"; };
		36A0D9CF140A06B80055C8DA /* words.adj.1 */ = {isa = PBXFileReference; fileEncoding = 4; lastKnownFileType = text.man; path = words.adj.1; sourceTree = "<group>"; };
		36A0D9D0140A06B80055C8DA /* words.adj.2 */ = {isa = PBXFileReference; fileEncoding = 4; lastKnownFileType = text; path = words.adj.2; sourceTree = "<group>"; };
		36A0D9D1140A06B80055C8DA /* words.adj.3 */ = {isa = PBXFileReference; fileEncoding = 4; lastKnownFileType = text; path = words.adj.3; sourceTree = "<group>"; };
		36A0D9D2140A06B80055C8DA /* words.adv.1 */ = {isa = PBXFileReference; fileEncoding = 4; lastKnownFileType = text.man; path = words.adv.1; sourceTree = "<group>"; };
		36A0D9D3140A06B80055C8DA /* words.adv.2 */ = {isa = PBXFileReference; fileEncoding = 4; lastKnownFileType = text; path = words.adv.2; sourceTree = "<group>"; };
		36A0D9D4140A06B80055C8DA /* words.adv.3 */ = {isa = PBXFileReference; fileEncoding = 4; lastKnownFileType = text; path = words.adv.3; sourceTree = "<group>"; };
		36A0D9D5140A06B80055C8DA /* words.n.1 */ = {isa = PBXFileReference; fileEncoding = 4; lastKnownFileType = text.man; path = words.n.1; sourceTree = "<group>"; };
		36A0D9D6140A06B80055C8DA /* words.n.2.s */ = {isa = PBXFileReference; fileEncoding = 4; lastKnownFileType = sourcecode.asm; path = words.n.2.s; sourceTree = "<group>"; };
		36A0D9D7140A06B80055C8DA /* words.n.2.x */ = {isa = PBXFileReference; fileEncoding = 4; lastKnownFileType = text; path = words.n.2.x; sourceTree = "<group>"; };
		36A0D9D8140A06B80055C8DA /* words.n.3 */ = {isa = PBXFileReference; fileEncoding = 4; lastKnownFileType = text; path = words.n.3; sourceTree = "<group>"; };
		36A0D9D9140A06B80055C8DA /* words.n.4 */ = {isa = PBXFileReference; fileEncoding = 4; lastKnownFileType = text; path = words.n.4; sourceTree = "<group>"; };
		36A0D9DA140A06B80055C8DA /* words.n.c.1 */ = {isa = PBXFileReference; fileEncoding = 4; lastKnownFileType = text.man; path = words.n.c.1; sourceTree = "<group>"; };
		36A0D9DB140A06B80055C8DA /* words.n.c.2 */ = {isa = PBXFileReference; fileEncoding = 4; lastKnownFileType = text; path = words.n.c.2; sourceTree = "<group>"; };
		36A0D9DC140A06B80055C8DA /* words.n.p */ = {isa = PBXFileReference; fileEncoding = 4; lastKnownFileType = sourcecode.pascal; path = words.n.p; sourceTree = "<group>"; };
		36A0D9DD140A06B80055C8DA /* words.n.t */ = {isa = PBXFileReference; fileEncoding = 4; lastKnownFileType = text; path = words.n.t; sourceTree = "<group>"; };
		36A0D9DE140A06B80055C8DA /* words.s */ = {isa = PBXFileReference; fileEncoding = 4; lastKnownFileType = sourcecode.asm; path = words.s; sourceTree = "<group>"; };
		36A0D9DF140A06B80055C8DA /* words.v.1.1 */ = {isa = PBXFileReference; fileEncoding = 4; lastKnownFileType = text.man; path = words.v.1.1; sourceTree = "<group>"; };
		36A0D9E0140A06B80055C8DA /* words.v.1.2 */ = {isa = PBXFileReference; fileEncoding = 4; lastKnownFileType = text; path = words.v.1.2; sourceTree = "<group>"; };
		36A0D9E1140A06B80055C8DA /* words.v.1.3 */ = {isa = PBXFileReference; fileEncoding = 4; lastKnownFileType = text; path = words.v.1.3; sourceTree = "<group>"; };
		36A0D9E2140A06B80055C8DA /* words.v.1.4 */ = {isa = PBXFileReference; fileEncoding = 4; lastKnownFileType = text; path = words.v.1.4; sourceTree = "<group>"; };
		36A0D9E3140A06B80055C8DA /* words.v.1.p */ = {isa = PBXFileReference; fileEncoding = 4; lastKnownFileType = sourcecode.pascal; path = words.v.1.p; sourceTree = "<group>"; };
		36A0D9E4140A06B80055C8DA /* words.v.10.1 */ = {isa = PBXFileReference; fileEncoding = 4; lastKnownFileType = text.man; path = words.v.10.1; sourceTree = "<group>"; };
		36A0D9E5140A06B80055C8DA /* words.v.10.2 */ = {isa = PBXFileReference; fileEncoding = 4; lastKnownFileType = text; path = words.v.10.2; sourceTree = "<group>"; };
		36A0D9E6140A06B80055C8DA /* words.v.10.3 */ = {isa = PBXFileReference; fileEncoding = 4; lastKnownFileType = text; path = words.v.10.3; sourceTree = "<group>"; };
		36A0D9E7140A06B80055C8DA /* words.v.10.4 */ = {isa = PBXFileReference; fileEncoding = 4; lastKnownFileType = text; path = words.v.10.4; sourceTree = "<group>"; };
		36A0D9E8140A06B80055C8DA /* words.v.2.1 */ = {isa = PBXFileReference; fileEncoding = 4; lastKnownFileType = text.man; path = words.v.2.1; sourceTree = "<group>"; };
		36A0D9E9140A06B80055C8DA /* words.v.2.2 */ = {isa = PBXFileReference; fileEncoding = 4; lastKnownFileType = text; path = words.v.2.2; sourceTree = "<group>"; };
		36A0D9EA140A06B80055C8DA /* words.v.2.3 */ = {isa = PBXFileReference; fileEncoding = 4; lastKnownFileType = text; path = words.v.2.3; sourceTree = "<group>"; };
		36A0D9EB140A06B80055C8DA /* words.v.2.4 */ = {isa = PBXFileReference; fileEncoding = 4; lastKnownFileType = text; path = words.v.2.4; sourceTree = "<group>"; };
		36A0D9EC140A06B80055C8DA /* words.v.2.5 */ = {isa = PBXFileReference; fileEncoding = 4; lastKnownFileType = text; path = words.v.2.5; sourceTree = "<group>"; };
		36A0D9ED140A06B80055C8DA /* words.v.4.1 */ = {isa = PBXFileReference; fileEncoding = 4; lastKnownFileType = text.man; path = words.v.4.1; sourceTree = "<group>"; };
		36A0D9EE140A06B80055C8DA /* words.v.4.2 */ = {isa = PBXFileReference; fileEncoding = 4; lastKnownFileType = text; path = words.v.4.2; sourceTree = "<group>"; };
		36A0D9EF140A06B80055C8DA /* words.v.4.3 */ = {isa = PBXFileReference; fileEncoding = 4; lastKnownFileType = text; path = words.v.4.3; sourceTree = "<group>"; };
		36A0D9F0140A06B80055C8DA /* words.v.4.4 */ = {isa = PBXFileReference; fileEncoding = 4; lastKnownFileType = text; path = words.v.4.4; sourceTree = "<group>"; };
		36A0D9F1140A06B80055C8DA /* words.v.4.5 */ = {isa = PBXFileReference; fileEncoding = 4; lastKnownFileType = text; path = words.v.4.5; sourceTree = "<group>"; };
		36A0D9F2140A06B80055C8DA /* words.v.5.1 */ = {isa = PBXFileReference; fileEncoding = 4; lastKnownFileType = text.man; path = words.v.5.1; sourceTree = "<group>"; };
		36A0D9F3140A06B80055C8DA /* words.v.5.2 */ = {isa = PBXFileReference; fileEncoding = 4; lastKnownFileType = text; path = words.v.5.2; sourceTree = "<group>"; };
		36A0D9F4140A06B80055C8DA /* words.v.5.3 */ = {isa = PBXFileReference; fileEncoding = 4; lastKnownFileType = text; path = words.v.5.3; sourceTree = "<group>"; };
		36A0D9F5140A06B80055C8DA /* words.v.5.4 */ = {isa = PBXFileReference; fileEncoding = 4; lastKnownFileType = text; path = words.v.5.4; sourceTree = "<group>"; };
		36A0D9F6140A06B80055C8DA /* words.v.6.1 */ = {isa = PBXFileReference; fileEncoding = 4; lastKnownFileType = text.man; path = words.v.6.1; sourceTree = "<group>"; };
		36A0D9F7140A06B80055C8DA /* words.v.6.2 */ = {isa = PBXFileReference; fileEncoding = 4; lastKnownFileType = text; path = words.v.6.2; sourceTree = "<group>"; };
		36A0D9F8140A06B80055C8DA /* words.v.6.3 */ = {isa = PBXFileReference; fileEncoding = 4; lastKnownFileType = text; path = words.v.6.3; sourceTree = "<group>"; };
		36A0D9F9140A06B80055C8DA /* words.v.6.4 */ = {isa = PBXFileReference; fileEncoding = 4; lastKnownFileType = text; path = words.v.6.4; sourceTree = "<group>"; };
		36A0D9FA140A06B80055C8DA /* words.v.6.5 */ = {isa = PBXFileReference; fileEncoding = 4; lastKnownFileType = text; path = words.v.6.5; sourceTree = "<group>"; };
		36A0D9FB140A06B80055C8DA /* words.v.8.1 */ = {isa = PBXFileReference; fileEncoding = 4; lastKnownFileType = text.man; path = words.v.8.1; sourceTree = "<group>"; };
		36A0D9FC140A06B80055C8DA /* words.v.8.2 */ = {isa = PBXFileReference; fileEncoding = 4; lastKnownFileType = text; path = words.v.8.2; sourceTree = "<group>"; };
		36A0D9FD140A06B80055C8DA /* words.v.8.3 */ = {isa = PBXFileReference; fileEncoding = 4; lastKnownFileType = text; path = words.v.8.3; sourceTree = "<group>"; };
		36A0D9FE140A06B80055C8DA /* words.v.8.4 */ = {isa = PBXFileReference; fileEncoding = 4; lastKnownFileType = text; path = words.v.8.4; sourceTree = "<group>"; };
		36A0D9FF140A06B80055C8DA /* words.v.8.5 */ = {isa = PBXFileReference; fileEncoding = 4; lastKnownFileType = text; path = words.v.8.5; sourceTree = "<group>"; };
		36A0DA00140A06B80055C8DA /* words.y */ = {isa = PBXFileReference; fileEncoding = 4; lastKnownFileType = sourcecode.yacc; path = words.y; sourceTree = "<group>"; };
		36A0DA01140A06B80055C8DA /* parse */ = {isa = PBXFileReference; lastKnownFileType = "compiled.mach-o.executable"; path = parse; sourceTree = "<group>"; };
		36A0DA02140A06B80055C8DA /* readme.md */ = {isa = PBXFileReference; fileEncoding = 4; lastKnownFileType = text; path = readme.md; sourceTree = "<group>"; };
		36A0DA28140A09F30055C8DA /* analyze-linkage.h */ = {isa = PBXFileReference; fileEncoding = 4; lastKnownFileType = sourcecode.c.h; path = "analyze-linkage.h"; sourceTree = "<group>"; };
		36A0DA29140A09F30055C8DA /* and.h */ = {isa = PBXFileReference; fileEncoding = 4; lastKnownFileType = sourcecode.c.h; path = and.h; sourceTree = "<group>"; };
		36A0DA2A140A09F30055C8DA /* api-structures.h */ = {isa = PBXFileReference; fileEncoding = 4; lastKnownFileType = sourcecode.c.h; path = "api-structures.h"; sourceTree = "<group>"; };
		36A0DA2B140A09F30055C8DA /* api.h */ = {isa = PBXFileReference; fileEncoding = 4; lastKnownFileType = sourcecode.c.h; path = api.h; sourceTree = "<group>"; };
		36A0DA2C140A09F30055C8DA /* build-disjuncts.h */ = {isa = PBXFileReference; fileEncoding = 4; lastKnownFileType = sourcecode.c.h; path = "build-disjuncts.h"; sourceTree = "<group>"; };
		36A0DA2F140A09F30055C8DA /* constituents.h */ = {isa = PBXFileReference; fileEncoding = 4; lastKnownFileType = sourcecode.c.h; path = constituents.h; sourceTree = "<group>"; };
		36A0DA30140A09F30055C8DA /* count.h */ = {isa = PBXFileReference; fileEncoding = 4; lastKnownFileType = sourcecode.c.h; path = count.h; sourceTree = "<group>"; };
		36A0DA31140A09F30055C8DA /* error.h */ = {isa = PBXFileReference; fileEncoding = 4; lastKnownFileType = sourcecode.c.h; path = error.h; sourceTree = "<group>"; };
		36A0DA32140A09F30055C8DA /* externs.h */ = {isa = PBXFileReference; fileEncoding = 4; lastKnownFileType = sourcecode.c.h; path = externs.h; sourceTree = "<group>"; };
		36A0DA33140A09F30055C8DA /* extract-links.h */ = {isa = PBXFileReference; fileEncoding = 4; lastKnownFileType = sourcecode.c.h; path = "extract-links.h"; sourceTree = "<group>"; };
		36A0DA34140A09F30055C8DA /* fast-match.h */ = {isa = PBXFileReference; fileEncoding = 4; lastKnownFileType = sourcecode.c.h; path = "fast-match.h"; sourceTree = "<group>"; };
		36A0DA35140A09F30055C8DA /* idiom.h */ = {isa = PBXFileReference; fileEncoding = 4; lastKnownFileType = sourcecode.c.h; path = idiom.h; sourceTree = "<group>"; };
		36A0DA36140A09F30055C8DA /* link-includes.h */ = {isa = PBXFileReference; fileEncoding = 4; lastKnownFileType = sourcecode.c.h; path = "link-includes.h"; sourceTree = "<group>"; };
		36A0DA37140A09F30055C8DA /* linkset.h */ = {isa = PBXFileReference; fileEncoding = 4; lastKnownFileType = sourcecode.c.h; path = linkset.h; sourceTree = "<group>"; };
		36A0DA38140A09F30055C8DA /* massage.h */ = {isa = PBXFileReference; fileEncoding = 4; lastKnownFileType = sourcecode.c.h; path = massage.h; sourceTree = "<group>"; };
		36A0DA39140A09F30055C8DA /* phrase-parse.h */ = {isa = PBXFileReference; fileEncoding = 4; lastKnownFileType = sourcecode.c.h; path = "phrase-parse.h"; sourceTree = "<group>"; };
		36A0DA3A140A09F30055C8DA /* post-process.h */ = {isa = PBXFileReference; fileEncoding = 4; lastKnownFileType = sourcecode.c.h; path = "post-process.h"; sourceTree = "<group>"; };
		36A0DA3B140A09F30055C8DA /* pp_knowledge.h */ = {isa = PBXFileReference; fileEncoding = 4; lastKnownFileType = sourcecode.c.h; path = pp_knowledge.h; sourceTree = "<group>"; };
		36A0DA3C140A09F30055C8DA /* pp_lexer.h */ = {isa = PBXFileReference; fileEncoding = 4; lastKnownFileType = sourcecode.c.h; path = pp_lexer.h; sourceTree = "<group>"; };
		36A0DA3D140A09F30055C8DA /* pp_linkset.h */ = {isa = PBXFileReference; fileEncoding = 4; lastKnownFileType = sourcecode.c.h; path = pp_linkset.h; sourceTree = "<group>"; };
		36A0DA3E140A09F30055C8DA /* preparation.h */ = {isa = PBXFileReference; fileEncoding = 4; lastKnownFileType = sourcecode.c.h; path = preparation.h; sourceTree = "<group>"; };
		36A0DA3F140A09F30055C8DA /* print-util.h */ = {isa = PBXFileReference; fileEncoding = 4; lastKnownFileType = sourcecode.c.h; path = "print-util.h"; sourceTree = "<group>"; };
		36A0DA40140A09F30055C8DA /* print.h */ = {isa = PBXFileReference; fileEncoding = 4; lastKnownFileType = sourcecode.c.h; path = print.h; sourceTree = "<group>"; };
		36A0DA41140A09F30055C8DA /* prune.h */ = {isa = PBXFileReference; fileEncoding = 4; lastKnownFileType = sourcecode.c.h; path = prune.h; sourceTree = "<group>"; };
		36A0DA42140A09F30055C8DA /* read-dict.h */ = {isa = PBXFileReference; fileEncoding = 4; lastKnownFileType = sourcecode.c.h; path = "read-dict.h"; sourceTree = "<group>"; };
		36A0DA43140A09F30055C8DA /* resources.h */ = {isa = PBXFileReference; fileEncoding = 4; lastKnownFileType = sourcecode.c.h; path = resources.h; sourceTree = "<group>"; };
		36A0DA44140A09F30055C8DA /* string-set.h */ = {isa = PBXFileReference; fileEncoding = 4; lastKnownFileType = sourcecode.c.h; path = "string-set.h"; sourceTree = "<group>"; };
		36A0DA45140A09F30055C8DA /* structures.h */ = {isa = PBXFileReference; fileEncoding = 4; lastKnownFileType = sourcecode.c.h; path = structures.h; sourceTree = "<group>"; };
		36A0DA46140A09F30055C8DA /* tokenize.h */ = {isa = PBXFileReference; fileEncoding = 4; lastKnownFileType = sourcecode.c.h; path = tokenize.h; sourceTree = "<group>"; };
		36A0DA47140A09F30055C8DA /* utilities.h */ = {isa = PBXFileReference; fileEncoding = 4; lastKnownFileType = sourcecode.c.h; path = utilities.h; sourceTree = "<group>"; };
		36A0DA48140A09F30055C8DA /* word-file.h */ = {isa = PBXFileReference; fileEncoding = 4; lastKnownFileType = sourcecode.c.h; path = "word-file.h"; sourceTree = "<group>"; };
/* End PBXFileReference section */

/* Begin PBXFrameworksBuildPhase section */
		36A0D9B9140A06260055C8DA /* Frameworks */ = {
			isa = PBXFrameworksBuildPhase;
			buildActionMask = 2147483647;
			files = (
			);
			runOnlyForDeploymentPostprocessing = 0;
		};
/* End PBXFrameworksBuildPhase section */

/* Begin PBXGroup section */
		36075232140A03AB00331A43 /* link.api */ = {
			isa = PBXGroup;
			children = (
				36075233140A03AB00331A43 /* include */,
				36075253140A03AB00331A43 /* src */,
			);
			name = link.api;
			path = comprehend.api/link.api;
			sourceTree = "<group>";
		};
		36075233140A03AB00331A43 /* include */ = {
			isa = PBXGroup;
			children = (
				36A0DA28140A09F30055C8DA /* analyze-linkage.h */,
				36A0DA29140A09F30055C8DA /* and.h */,
				36A0DA2A140A09F30055C8DA /* api-structures.h */,
				36A0DA2B140A09F30055C8DA /* api.h */,
				36A0DA2C140A09F30055C8DA /* build-disjuncts.h */,
				36A0DA2F140A09F30055C8DA /* constituents.h */,
				36A0DA30140A09F30055C8DA /* count.h */,
				36A0DA31140A09F30055C8DA /* error.h */,
				36A0DA32140A09F30055C8DA /* externs.h */,
				36A0DA33140A09F30055C8DA /* extract-links.h */,
				36A0DA34140A09F30055C8DA /* fast-match.h */,
				36A0DA35140A09F30055C8DA /* idiom.h */,
				36A0DA36140A09F30055C8DA /* link-includes.h */,
				36A0DA37140A09F30055C8DA /* linkset.h */,
				36A0DA38140A09F30055C8DA /* massage.h */,
				36A0DA39140A09F30055C8DA /* phrase-parse.h */,
				36A0DA3A140A09F30055C8DA /* post-process.h */,
				36A0DA3B140A09F30055C8DA /* pp_knowledge.h */,
				36A0DA3C140A09F30055C8DA /* pp_lexer.h */,
				36A0DA3D140A09F30055C8DA /* pp_linkset.h */,
				36A0DA3E140A09F30055C8DA /* preparation.h */,
				36A0DA3F140A09F30055C8DA /* print-util.h */,
				36A0DA40140A09F30055C8DA /* print.h */,
				36A0DA41140A09F30055C8DA /* prune.h */,
				36A0DA42140A09F30055C8DA /* read-dict.h */,
				36A0DA43140A09F30055C8DA /* resources.h */,
				36A0DA44140A09F30055C8DA /* string-set.h */,
				36A0DA45140A09F30055C8DA /* structures.h */,
				36A0DA46140A09F30055C8DA /* tokenize.h */,
				36A0DA47140A09F30055C8DA /* utilities.h */,
				36A0DA48140A09F30055C8DA /* word-file.h */,
			);
			path = include;
			sourceTree = "<group>";
		};
		36075253140A03AB00331A43 /* src */ = {
			isa = PBXGroup;
			children = (
				36075254140A03AB00331A43 /* analyze-linkage.c */,
				36075255140A03AB00331A43 /* and.c */,
				36075256140A03AB00331A43 /* api-example.c */,
				36075257140A03AB00331A43 /* api.c */,
				36075258140A03AB00331A43 /* build-disjuncts.c */,
				36075259140A03AB00331A43 /* command-line.c */,
				3607525A140A03AB00331A43 /* constituent-example.c */,
				3607525B140A03AB00331A43 /* constituents.c */,
				3607525C140A03AB00331A43 /* count.c */,
				3607525D140A03AB00331A43 /* error.c */,
				3607525E140A03AB00331A43 /* extract-links.c */,
				3607525F140A03AB00331A43 /* fast-match.c */,
				36075260140A03AB00331A43 /* idiom.c */,
				36075261140A03AB00331A43 /* linkset.c */,
				36075262140A03AB00331A43 /* massage.c */,
				36075263140A03AB00331A43 /* post-process.c */,
				36075264140A03AB00331A43 /* pp_knowledge.c */,
				36075265140A03AB00331A43 /* pp_lexer.c */,
				36075266140A03AB00331A43 /* pp_linkset.c */,
				36075267140A03AB00331A43 /* preparation.c */,
				36075268140A03AB00331A43 /* print-util.c */,
				36075269140A03AB00331A43 /* print.c */,
				3607526A140A03AB00331A43 /* prune.c */,
				3607526B140A03AB00331A43 /* read-dict.c */,
				3607526C140A03AB00331A43 /* resources.c */,
				3607526D140A03AB00331A43 /* string-set.c */,
				3607526E140A03AB00331A43 /* tokenize.c */,
				3607526F140A03AB00331A43 /* utilities.c */,
				36075270140A03AB00331A43 /* word-file.c */,
				36075271140A03AB00331A43 /* www-parse.c */,
			);
			path = src;
			sourceTree = "<group>";
		};
		3667FAEC140A01560014088C = {
			isa = PBXGroup;
			children = (
				36A0D9C6140A06A00055C8DA /* resources */,
				36BB28FB140A04E4008EB5B7 /* comprehend.api */,
				36075232140A03AB00331A43 /* link.api */,
				36A0D9BE140A06260055C8DA /* test */,
				36A0D9BC140A06260055C8DA /* test */,
			);
			sourceTree = "<group>";
		};
		36A0D9BE140A06260055C8DA /* test */ = {
			isa = PBXGroup;
			children = (
				36A0D9BF140A06260055C8DA /* main.c */,
				36A0D9C1140A06260055C8DA /* test.1 */,
			);
			path = test;
			sourceTree = "<group>";
		};
		36A0D9C6140A06A00055C8DA /* resources */ = {
			isa = PBXGroup;
			children = (
				36A0D9C7140A06B80055C8DA /* data */,
				36A0DA01140A06B80055C8DA /* parse */,
				36A0DA02140A06B80055C8DA /* readme.md */,
			);
			name = resources;
			sourceTree = "<group>";
		};
		36A0D9C7140A06B80055C8DA /* data */ = {
			isa = PBXGroup;
			children = (
				36A0D9C8140A06B80055C8DA /* 4.0.affix */,
				36A0D9C9140A06B80055C8DA /* 4.0.batch */,
				36A0D9CA140A06B80055C8DA /* 4.0.constituent-knowledge */,
				36A0D9CB140A06B80055C8DA /* 4.0.dict */,
				36A0D9CC140A06B80055C8DA /* 4.0.knowledge */,
				36A0D9CD140A06B80055C8DA /* tiny.dict */,
				36A0D9CE140A06B80055C8DA /* words */,
			);
			path = data;
			sourceTree = "<group>";
		};
		36A0D9CE140A06B80055C8DA /* words */ = {
			isa = PBXGroup;
			children = (
				36A0D9CF140A06B80055C8DA /* words.adj.1 */,
				36A0D9D0140A06B80055C8DA /* words.adj.2 */,
				36A0D9D1140A06B80055C8DA /* words.adj.3 */,
				36A0D9D2140A06B80055C8DA /* words.adv.1 */,
				36A0D9D3140A06B80055C8DA /* words.adv.2 */,
				36A0D9D4140A06B80055C8DA /* words.adv.3 */,
				36A0D9D5140A06B80055C8DA /* words.n.1 */,
				36A0D9D6140A06B80055C8DA /* words.n.2.s */,
				36A0D9D7140A06B80055C8DA /* words.n.2.x */,
				36A0D9D8140A06B80055C8DA /* words.n.3 */,
				36A0D9D9140A06B80055C8DA /* words.n.4 */,
				36A0D9DA140A06B80055C8DA /* words.n.c.1 */,
				36A0D9DB140A06B80055C8DA /* words.n.c.2 */,
				36A0D9DC140A06B80055C8DA /* words.n.p */,
				36A0D9DD140A06B80055C8DA /* words.n.t */,
				36A0D9DE140A06B80055C8DA /* words.s */,
				36A0D9DF140A06B80055C8DA /* words.v.1.1 */,
				36A0D9E0140A06B80055C8DA /* words.v.1.2 */,
				36A0D9E1140A06B80055C8DA /* words.v.1.3 */,
				36A0D9E2140A06B80055C8DA /* words.v.1.4 */,
				36A0D9E3140A06B80055C8DA /* words.v.1.p */,
				36A0D9E4140A06B80055C8DA /* words.v.10.1 */,
				36A0D9E5140A06B80055C8DA /* words.v.10.2 */,
				36A0D9E6140A06B80055C8DA /* words.v.10.3 */,
				36A0D9E7140A06B80055C8DA /* words.v.10.4 */,
				36A0D9E8140A06B80055C8DA /* words.v.2.1 */,
				36A0D9E9140A06B80055C8DA /* words.v.2.2 */,
				36A0D9EA140A06B80055C8DA /* words.v.2.3 */,
				36A0D9EB140A06B80055C8DA /* words.v.2.4 */,
				36A0D9EC140A06B80055C8DA /* words.v.2.5 */,
				36A0D9ED140A06B80055C8DA /* words.v.4.1 */,
				36A0D9EE140A06B80055C8DA /* words.v.4.2 */,
				36A0D9EF140A06B80055C8DA /* words.v.4.3 */,
				36A0D9F0140A06B80055C8DA /* words.v.4.4 */,
				36A0D9F1140A06B80055C8DA /* words.v.4.5 */,
				36A0D9F2140A06B80055C8DA /* words.v.5.1 */,
				36A0D9F3140A06B80055C8DA /* words.v.5.2 */,
				36A0D9F4140A06B80055C8DA /* words.v.5.3 */,
				36A0D9F5140A06B80055C8DA /* words.v.5.4 */,
				36A0D9F6140A06B80055C8DA /* words.v.6.1 */,
				36A0D9F7140A06B80055C8DA /* words.v.6.2 */,
				36A0D9F8140A06B80055C8DA /* words.v.6.3 */,
				36A0D9F9140A06B80055C8DA /* words.v.6.4 */,
				36A0D9FA140A06B80055C8DA /* words.v.6.5 */,
				36A0D9FB140A06B80055C8DA /* words.v.8.1 */,
				36A0D9FC140A06B80055C8DA /* words.v.8.2 */,
				36A0D9FD140A06B80055C8DA /* words.v.8.3 */,
				36A0D9FE140A06B80055C8DA /* words.v.8.4 */,
				36A0D9FF140A06B80055C8DA /* words.v.8.5 */,
				36A0DA00140A06B80055C8DA /* words.y */,
			);
			path = words;
			sourceTree = "<group>";
		};
		36BB28FB140A04E4008EB5B7 /* comprehend.api */ = {
			isa = PBXGroup;
			children = (
				36A0D9B5140A05FD0055C8DA /* env.h */,
				36A0D9B6140A06090055C8DA /* env.c */,
			);
			name = comprehend.api;
			sourceTree = "<group>";
		};
/* End PBXGroup section */

/* Begin PBXNativeTarget section */
		36A0D9BB140A06260055C8DA /* test */ = {
			isa = PBXNativeTarget;
			buildConfigurationList = 36A0D9C3140A06260055C8DA /* Build configuration list for PBXNativeTarget "test" */;
			buildPhases = (
				36A0D9B8140A06260055C8DA /* Sources */,
				36A0D9B9140A06260055C8DA /* Frameworks */,
				36A0D9BA140A06260055C8DA /* CopyFiles */,
			);
			buildRules = (
			);
			dependencies = (
			);
			name = test;
			productName = test;
			productReference = 36A0D9BC140A06260055C8DA /* test */;
			productType = "com.apple.product-type.tool";
		};
/* End PBXNativeTarget section */

/* Begin PBXProject section */
		3667FAEE140A01560014088C /* Project object */ = {
			isa = PBXProject;
			attributes = {
				ORGANIZATIONNAME = "Sheyne Anderson";
			};
			buildConfigurationList = 3667FAF1140A01560014088C /* Build configuration list for PBXProject "Comprehend_api" */;
			compatibilityVersion = "Xcode 3.2";
			developmentRegion = English;
			hasScannedForEncodings = 0;
			knownRegions = (
				en,
			);
			mainGroup = 3667FAEC140A01560014088C;
			productRefGroup = 3667FAEC140A01560014088C;
			projectDirPath = "";
			projectRoot = "";
			targets = (
				36A0D9BB140A06260055C8DA /* test */,
			);
		};
/* End PBXProject section */

/* Begin PBXSourcesBuildPhase section */
		36A0D9B8140A06260055C8DA /* Sources */ = {
			isa = PBXSourcesBuildPhase;
			buildActionMask = 2147483647;
			files = (
				36A0D9C0140A06260055C8DA /* main.c in Sources */,
				36A0DA08140A09460055C8DA /* env.c in Sources */,
				36A0DA09140A09540055C8DA /* analyze-linkage.c in Sources */,
				36A0DA0A140A09540055C8DA /* and.c in Sources */,
				36A0DA0B140A09540055C8DA /* api-example.c in Sources */,
				36A0DA0C140A09540055C8DA /* api.c in Sources */,
				36A0DA0D140A09540055C8DA /* build-disjuncts.c in Sources */,
				36A0DA0E140A09540055C8DA /* command-line.c in Sources */,
				36A0DA0F140A09540055C8DA /* constituent-example.c in Sources */,
				36A0DA10140A09540055C8DA /* constituents.c in Sources */,
				36A0DA11140A09540055C8DA /* count.c in Sources */,
				36A0DA12140A09540055C8DA /* error.c in Sources */,
				36A0DA13140A09540055C8DA /* extract-links.c in Sources */,
				36A0DA14140A09540055C8DA /* fast-match.c in Sources */,
				36A0DA15140A09540055C8DA /* idiom.c in Sources */,
				36A0DA16140A09540055C8DA /* linkset.c in Sources */,
				36A0DA17140A09540055C8DA /* massage.c in Sources */,
				36A0DA18140A09540055C8DA /* post-process.c in Sources */,
				36A0DA19140A09540055C8DA /* pp_knowledge.c in Sources */,
				36A0DA1A140A09540055C8DA /* pp_lexer.c in Sources */,
				36A0DA1B140A09540055C8DA /* pp_linkset.c in Sources */,
				36A0DA1C140A09540055C8DA /* preparation.c in Sources */,
				36A0DA1D140A09540055C8DA /* print-util.c in Sources */,
				36A0DA1E140A09540055C8DA /* print.c in Sources */,
				36A0DA1F140A09540055C8DA /* prune.c in Sources */,
				36A0DA20140A09540055C8DA /* read-dict.c in Sources */,
				36A0DA21140A09540055C8DA /* resources.c in Sources */,
				36A0DA22140A09540055C8DA /* string-set.c in Sources */,
				36A0DA23140A09540055C8DA /* tokenize.c in Sources */,
				36A0DA24140A09540055C8DA /* utilities.c in Sources */,
				36A0DA25140A09540055C8DA /* word-file.c in Sources */,
				36A0DA26140A09540055C8DA /* www-parse.c in Sources */,
			);
			runOnlyForDeploymentPostprocessing = 0;
		};
/* End PBXSourcesBuildPhase section */

/* Begin XCBuildConfiguration section */
		3667FAFF140A01560014088C /* Debug */ = {
			isa = XCBuildConfiguration;
			buildSettings = {
				ALWAYS_SEARCH_USER_PATHS = NO;
				ARCHS = "$(ARCHS_STANDARD_64_BIT)";
				COPY_PHASE_STRIP = NO;
				GCC_C_LANGUAGE_STANDARD = gnu99;
				GCC_DYNAMIC_NO_PIC = NO;
				GCC_ENABLE_OBJC_EXCEPTIONS = YES;
				GCC_OPTIMIZATION_LEVEL = 0;
				GCC_PREPROCESSOR_DEFINITIONS = (
					"DEBUG=1",
					"$(inherited)",
				);
				GCC_SYMBOLS_PRIVATE_EXTERN = NO;
				GCC_VERSION = com.apple.compilers.llvm.clang.1_0;
				GCC_WARN_64_TO_32_BIT_CONVERSION = YES;
				GCC_WARN_ABOUT_MISSING_PROTOTYPES = YES;
				GCC_WARN_ABOUT_RETURN_TYPE = YES;
				GCC_WARN_UNUSED_VARIABLE = YES;
				MACOSX_DEPLOYMENT_TARGET = 10.7;
				ONLY_ACTIVE_ARCH = YES;
				SDKROOT = macosx;
			};
			name = Debug;
		};
		3667FB00140A01560014088C /* Release */ = {
			isa = XCBuildConfiguration;
			buildSettings = {
				ALWAYS_SEARCH_USER_PATHS = NO;
				ARCHS = "$(ARCHS_STANDARD_64_BIT)";
				COPY_PHASE_STRIP = YES;
				DEBUG_INFORMATION_FORMAT = "dwarf-with-dsym";
				GCC_C_LANGUAGE_STANDARD = gnu99;
				GCC_ENABLE_OBJC_EXCEPTIONS = YES;
				GCC_VERSION = com.apple.compilers.llvm.clang.1_0;
				GCC_WARN_64_TO_32_BIT_CONVERSION = YES;
				GCC_WARN_ABOUT_MISSING_PROTOTYPES = YES;
				GCC_WARN_ABOUT_RETURN_TYPE = YES;
				GCC_WARN_UNUSED_VARIABLE = YES;
				MACOSX_DEPLOYMENT_TARGET = 10.7;
				SDKROOT = macosx;
			};
			name = Release;
		};
		36A0D9C4140A06260055C8DA /* Debug */ = {
			isa = XCBuildConfiguration;
			buildSettings = {
				PRODUCT_NAME = "$(TARGET_NAME)";
			};
			name = Debug;
		};
		36A0D9C5140A06260055C8DA /* Release */ = {
			isa = XCBuildConfiguration;
			buildSettings = {
				PRODUCT_NAME = "$(TARGET_NAME)";
			};
			name = Release;
		};
/* End XCBuildConfiguration section */

/* Begin XCConfigurationList section */
		3667FAF1140A01560014088C /* Build configuration list for PBXProject "Comprehend_api" */ = {
			isa = XCConfigurationList;
			buildConfigurations = (
				3667FAFF140A01560014088C /* Debug */,
				3667FB00140A01560014088C /* Release */,
			);
			defaultConfigurationIsVisible = 0;
			defaultConfigurationName = Release;
		};
		36A0D9C3140A06260055C8DA /* Build configuration list for PBXNativeTarget "test" */ = {
			isa = XCConfigurationList;
			buildConfigurations = (
				36A0D9C4140A06260055C8DA /* Debug */,
				36A0D9C5140A06260055C8DA /* Release */,
			);
			defaultConfigurationIsVisible = 0;
		};
/* End XCConfigurationList section */
	};
	rootObject = 3667FAEE140A01560014088C /* Project object */;
}
