// !$*UTF8*$!
{
	archiveVersion = 1;
	classes = {
	};
	objectVersion = 46;
	objects = {

/* Begin PBXFileReference section */
		3666A569142B9A9E00604EA6 /* comprehend.py */ = {isa = PBXFileReference; fileEncoding = 4; lastKnownFileType = text.script.python; name = comprehend.py; path = source/comprehend.py; sourceTree = "<group>"; };
		3666A56A142B9A9E00604EA6 /* test.py */ = {isa = PBXFileReference; fileEncoding = 4; lastKnownFileType = text.script.python; name = test.py; path = source/test.py; sourceTree = "<group>"; };
		36969746142BA15900267D7D /* util.py */ = {isa = PBXFileReference; fileEncoding = 4; lastKnownFileType = text.script.python; name = util.py; path = source/util.py; sourceTree = "<group>"; };
		36C24A4C142D7C2A005B498A /* readme.md */ = {isa = PBXFileReference; fileEncoding = 4; lastKnownFileType = text; name = readme.md; path = ../readme.md; sourceTree = "<group>"; };
/* End PBXFileReference section */

/* Begin PBXGroup section */
		3680F021142AFCDB00F81879 = {
			isa = PBXGroup;
			children = (
				36C24A4C142D7C2A005B498A /* readme.md */,
				3680F03D142AFEAC00F81879 /* source */,
			);
			sourceTree = "<group>";
		};
		3680F03D142AFEAC00F81879 /* source */ = {
			isa = PBXGroup;
			children = (
				36969746142BA15900267D7D /* util.py */,
				3666A569142B9A9E00604EA6 /* comprehend.py */,
				3666A56A142B9A9E00604EA6 /* test.py */,
			);
			name = source;
			sourceTree = "<group>";
		};
/* End PBXGroup section */

/* Begin PBXLegacyTarget section */
		3680F039142AFD4B00F81879 /* main */ = {
			isa = PBXLegacyTarget;
			buildArgumentsString = "$(ACTION)";
			buildConfigurationList = 3680F03A142AFD4B00F81879 /* Build configuration list for PBXLegacyTarget "main" */;
			buildPhases = (
			);
			buildToolPath = /usr/local/bin/python;
			buildWorkingDirectory = "";
			dependencies = (
			);
			name = main;
			passBuildSettingsInEnvironment = 1;
			productName = test;
		};
/* End PBXLegacyTarget section */

/* Begin PBXProject section */
		3680F023142AFCDB00F81879 /* Project object */ = {
			isa = PBXProject;
			attributes = {
				ORGANIZATIONNAME = "Sheyne Anderson";
			};
			buildConfigurationList = 3680F026142AFCDB00F81879 /* Build configuration list for PBXProject "comprehend" */;
			compatibilityVersion = "Xcode 3.2";
			developmentRegion = English;
			hasScannedForEncodings = 0;
			knownRegions = (
				en,
			);
			mainGroup = 3680F021142AFCDB00F81879;
			productRefGroup = 3680F021142AFCDB00F81879;
			projectDirPath = "";
			projectRoot = "";
			targets = (
				3680F039142AFD4B00F81879 /* main */,
			);
		};
/* End PBXProject section */

/* Begin XCBuildConfiguration section */
		3680F028142AFCDC00F81879 /* Debug */ = {
			isa = XCBuildConfiguration;
			buildSettings = {
			};
			name = Debug;
		};
		3680F029142AFCDC00F81879 /* Release */ = {
			isa = XCBuildConfiguration;
			buildSettings = {
			};
			name = Release;
		};
		3680F03B142AFD4B00F81879 /* Debug */ = {
			isa = XCBuildConfiguration;
			buildSettings = {
				RUN_FILE = source/test.py;
			};
			name = Debug;
		};
		3680F03C142AFD4B00F81879 /* Release */ = {
			isa = XCBuildConfiguration;
			buildSettings = {
				RUN_FILE = source/test.py;
			};
			name = Release;
		};
/* End XCBuildConfiguration section */

/* Begin XCConfigurationList section */
		3680F026142AFCDB00F81879 /* Build configuration list for PBXProject "comprehend" */ = {
			isa = XCConfigurationList;
			buildConfigurations = (
				3680F028142AFCDC00F81879 /* Debug */,
				3680F029142AFCDC00F81879 /* Release */,
			);
			defaultConfigurationIsVisible = 0;
			defaultConfigurationName = Release;
		};
		3680F03A142AFD4B00F81879 /* Build configuration list for PBXLegacyTarget "main" */ = {
			isa = XCConfigurationList;
			buildConfigurations = (
				3680F03B142AFD4B00F81879 /* Debug */,
				3680F03C142AFD4B00F81879 /* Release */,
			);
			defaultConfigurationIsVisible = 0;
			defaultConfigurationName = Release;
		};
/* End XCConfigurationList section */
	};
	rootObject = 3680F023142AFCDB00F81879 /* Project object */;
}
