// !$*UTF8*$!
{
	archiveVersion = 1;
	classes = {
	};
	objectVersion = 46;
	objects = {

/* Begin PBXBuildFile section */
		36075211140A01FD00331A43 /* analyze-linkage.c in Sources */ = {isa = PBXBuildFile; fileRef = 360751F3140A01FD00331A43 /* analyze-linkage.c */; };
		36075212140A01FD00331A43 /* and.c in Sources */ = {isa = PBXBuildFile; fileRef = 360751F4140A01FD00331A43 /* and.c */; };
		36075213140A01FD00331A43 /* api-example.c in Sources */ = {isa = PBXBuildFile; fileRef = 360751F5140A01FD00331A43 /* api-example.c */; };
		36075214140A01FD00331A43 /* api.c in Sources */ = {isa = PBXBuildFile; fileRef = 360751F6140A01FD00331A43 /* api.c */; };
		36075215140A01FD00331A43 /* build-disjuncts.c in Sources */ = {isa = PBXBuildFile; fileRef = 360751F7140A01FD00331A43 /* build-disjuncts.c */; };
		36075216140A01FD00331A43 /* command-line.c in Sources */ = {isa = PBXBuildFile; fileRef = 360751F8140A01FD00331A43 /* command-line.c */; };
		36075217140A01FD00331A43 /* constituent-example.c in Sources */ = {isa = PBXBuildFile; fileRef = 360751F9140A01FD00331A43 /* constituent-example.c */; };
		36075218140A01FD00331A43 /* constituents.c in Sources */ = {isa = PBXBuildFile; fileRef = 360751FA140A01FD00331A43 /* constituents.c */; };
		36075219140A01FD00331A43 /* count.c in Sources */ = {isa = PBXBuildFile; fileRef = 360751FB140A01FD00331A43 /* count.c */; };
		3607521A140A01FD00331A43 /* error.c in Sources */ = {isa = PBXBuildFile; fileRef = 360751FC140A01FD00331A43 /* error.c */; };
		3607521B140A01FD00331A43 /* extract-links.c in Sources */ = {isa = PBXBuildFile; fileRef = 360751FD140A01FD00331A43 /* extract-links.c */; };
		3607521C140A01FD00331A43 /* fast-match.c in Sources */ = {isa = PBXBuildFile; fileRef = 360751FE140A01FD00331A43 /* fast-match.c */; };
		3607521D140A01FD00331A43 /* idiom.c in Sources */ = {isa = PBXBuildFile; fileRef = 360751FF140A01FD00331A43 /* idiom.c */; };
		3607521E140A01FD00331A43 /* linkset.c in Sources */ = {isa = PBXBuildFile; fileRef = 36075200140A01FD00331A43 /* linkset.c */; };
		3607521F140A01FD00331A43 /* massage.c in Sources */ = {isa = PBXBuildFile; fileRef = 36075201140A01FD00331A43 /* massage.c */; };
		36075220140A01FD00331A43 /* post-process.c in Sources */ = {isa = PBXBuildFile; fileRef = 36075202140A01FD00331A43 /* post-process.c */; };
		36075221140A01FD00331A43 /* pp_knowledge.c in Sources */ = {isa = PBXBuildFile; fileRef = 36075203140A01FD00331A43 /* pp_knowledge.c */; };
		36075222140A01FD00331A43 /* pp_lexer.c in Sources */ = {isa = PBXBuildFile; fileRef = 36075204140A01FD00331A43 /* pp_lexer.c */; };
		36075223140A01FD00331A43 /* pp_linkset.c in Sources */ = {isa = PBXBuildFile; fileRef = 36075205140A01FD00331A43 /* pp_linkset.c */; };
		36075224140A01FD00331A43 /* preparation.c in Sources */ = {isa = PBXBuildFile; fileRef = 36075206140A01FD00331A43 /* preparation.c */; };
		36075225140A01FD00331A43 /* print-util.c in Sources */ = {isa = PBXBuildFile; fileRef = 36075207140A01FD00331A43 /* print-util.c */; };
		36075226140A01FD00331A43 /* print.c in Sources */ = {isa = PBXBuildFile; fileRef = 36075208140A01FD00331A43 /* print.c */; };
		36075227140A01FD00331A43 /* prune.c in Sources */ = {isa = PBXBuildFile; fileRef = 36075209140A01FD00331A43 /* prune.c */; };
		36075228140A01FD00331A43 /* read-dict.c in Sources */ = {isa = PBXBuildFile; fileRef = 3607520A140A01FD00331A43 /* read-dict.c */; };
		36075229140A01FD00331A43 /* resources.c in Sources */ = {isa = PBXBuildFile; fileRef = 3607520B140A01FD00331A43 /* resources.c */; };
		3607522A140A01FD00331A43 /* string-set.c in Sources */ = {isa = PBXBuildFile; fileRef = 3607520C140A01FD00331A43 /* string-set.c */; };
		3607522B140A01FD00331A43 /* tokenize.c in Sources */ = {isa = PBXBuildFile; fileRef = 3607520D140A01FD00331A43 /* tokenize.c */; };
		3607522C140A01FD00331A43 /* utilities.c in Sources */ = {isa = PBXBuildFile; fileRef = 3607520E140A01FD00331A43 /* utilities.c */; };
		3607522D140A01FD00331A43 /* word-file.c in Sources */ = {isa = PBXBuildFile; fileRef = 3607520F140A01FD00331A43 /* word-file.c */; };
		3607522E140A01FD00331A43 /* www-parse.c in Sources */ = {isa = PBXBuildFile; fileRef = 36075210140A01FD00331A43 /* www-parse.c */; };
		3667FAFC140A01560014088C /* main.c in Sources */ = {isa = PBXBuildFile; fileRef = 3667FAFB140A01560014088C /* main.c */; };
		3667FAFE140A01560014088C /* Comprehend.1 in CopyFiles */ = {isa = PBXBuildFile; fileRef = 3667FAFD140A01560014088C /* Comprehend.1 */; };
/* End PBXBuildFile section */

/* Begin PBXCopyFilesBuildPhase section */
		3667FAF5140A01560014088C /* CopyFiles */ = {
			isa = PBXCopyFilesBuildPhase;
			buildActionMask = 2147483647;
			dstPath = /usr/share/man/man1/;
			dstSubfolderSpec = 0;
			files = (
				3667FAFE140A01560014088C /* Comprehend.1 in CopyFiles */,
			);
			runOnlyForDeploymentPostprocessing = 1;
		};
/* End PBXCopyFilesBuildPhase section */

/* Begin PBXFileReference section */
		360751D3140A01FD00331A43 /* analyze-linkage.h */ = {isa = PBXFileReference; fileEncoding = 4; lastKnownFileType = sourcecode.c.h; path = "analyze-linkage.h"; sourceTree = "<group>"; };
		360751D4140A01FD00331A43 /* and.h */ = {isa = PBXFileReference; fileEncoding = 4; lastKnownFileType = sourcecode.c.h; path = and.h; sourceTree = "<group>"; };
		360751D5140A01FD00331A43 /* api-structures.h */ = {isa = PBXFileReference; fileEncoding = 4; lastKnownFileType = sourcecode.c.h; path = "api-structures.h"; sourceTree = "<group>"; };
		360751D6140A01FD00331A43 /* api.h */ = {isa = PBXFileReference; fileEncoding = 4; lastKnownFileType = sourcecode.c.h; path = api.h; sourceTree = "<group>"; };
		360751D7140A01FD00331A43 /* build-disjuncts.h */ = {isa = PBXFileReference; fileEncoding = 4; lastKnownFileType = sourcecode.c.h; path = "build-disjuncts.h"; sourceTree = "<group>"; };
		360751D8140A01FD00331A43 /* constituents.h */ = {isa = PBXFileReference; fileEncoding = 4; lastKnownFileType = sourcecode.c.h; path = constituents.h; sourceTree = "<group>"; };
		360751D9140A01FD00331A43 /* count.h */ = {isa = PBXFileReference; fileEncoding = 4; lastKnownFileType = sourcecode.c.h; path = count.h; sourceTree = "<group>"; };
		360751DA140A01FD00331A43 /* error.h */ = {isa = PBXFileReference; fileEncoding = 4; lastKnownFileType = sourcecode.c.h; path = error.h; sourceTree = "<group>"; };
		360751DB140A01FD00331A43 /* externs.h */ = {isa = PBXFileReference; fileEncoding = 4; lastKnownFileType = sourcecode.c.h; path = externs.h; sourceTree = "<group>"; };
		360751DC140A01FD00331A43 /* extract-links.h */ = {isa = PBXFileReference; fileEncoding = 4; lastKnownFileType = sourcecode.c.h; path = "extract-links.h"; sourceTree = "<group>"; };
		360751DD140A01FD00331A43 /* fast-match.h */ = {isa = PBXFileReference; fileEncoding = 4; lastKnownFileType = sourcecode.c.h; path = "fast-match.h"; sourceTree = "<group>"; };
		360751DE140A01FD00331A43 /* idiom.h */ = {isa = PBXFileReference; fileEncoding = 4; lastKnownFileType = sourcecode.c.h; path = idiom.h; sourceTree = "<group>"; };
		360751DF140A01FD00331A43 /* link-includes.h */ = {isa = PBXFileReference; fileEncoding = 4; lastKnownFileType = sourcecode.c.h; path = "link-includes.h"; sourceTree = "<group>"; };
		360751E0140A01FD00331A43 /* linkset.h */ = {isa = PBXFileReference; fileEncoding = 4; lastKnownFileType = sourcecode.c.h; path = linkset.h; sourceTree = "<group>"; };
		360751E1140A01FD00331A43 /* massage.h */ = {isa = PBXFileReference; fileEncoding = 4; lastKnownFileType = sourcecode.c.h; path = massage.h; sourceTree = "<group>"; };
		360751E2140A01FD00331A43 /* phrase-parse.h */ = {isa = PBXFileReference; fileEncoding = 4; lastKnownFileType = sourcecode.c.h; path = "phrase-parse.h"; sourceTree = "<group>"; };
		360751E3140A01FD00331A43 /* post-process.h */ = {isa = PBXFileReference; fileEncoding = 4; lastKnownFileType = sourcecode.c.h; path = "post-process.h"; sourceTree = "<group>"; };
		360751E4140A01FD00331A43 /* pp_knowledge.h */ = {isa = PBXFileReference; fileEncoding = 4; lastKnownFileType = sourcecode.c.h; path = pp_knowledge.h; sourceTree = "<group>"; };
		360751E5140A01FD00331A43 /* pp_lexer.h */ = {isa = PBXFileReference; fileEncoding = 4; lastKnownFileType = sourcecode.c.h; path = pp_lexer.h; sourceTree = "<group>"; };
		360751E6140A01FD00331A43 /* pp_linkset.h */ = {isa = PBXFileReference; fileEncoding = 4; lastKnownFileType = sourcecode.c.h; path = pp_linkset.h; sourceTree = "<group>"; };
		360751E7140A01FD00331A43 /* preparation.h */ = {isa = PBXFileReference; fileEncoding = 4; lastKnownFileType = sourcecode.c.h; path = preparation.h; sourceTree = "<group>"; };
		360751E8140A01FD00331A43 /* print-util.h */ = {isa = PBXFileReference; fileEncoding = 4; lastKnownFileType = sourcecode.c.h; path = "print-util.h"; sourceTree = "<group>"; };
		360751E9140A01FD00331A43 /* print.h */ = {isa = PBXFileReference; fileEncoding = 4; lastKnownFileType = sourcecode.c.h; path = print.h; sourceTree = "<group>"; };
		360751EA140A01FD00331A43 /* prune.h */ = {isa = PBXFileReference; fileEncoding = 4; lastKnownFileType = sourcecode.c.h; path = prune.h; sourceTree = "<group>"; };
		360751EB140A01FD00331A43 /* read-dict.h */ = {isa = PBXFileReference; fileEncoding = 4; lastKnownFileType = sourcecode.c.h; path = "read-dict.h"; sourceTree = "<group>"; };
		360751EC140A01FD00331A43 /* resources.h */ = {isa = PBXFileReference; fileEncoding = 4; lastKnownFileType = sourcecode.c.h; path = resources.h; sourceTree = "<group>"; };
		360751ED140A01FD00331A43 /* string-set.h */ = {isa = PBXFileReference; fileEncoding = 4; lastKnownFileType = sourcecode.c.h; path = "string-set.h"; sourceTree = "<group>"; };
		360751EE140A01FD00331A43 /* structures.h */ = {isa = PBXFileReference; fileEncoding = 4; lastKnownFileType = sourcecode.c.h; path = structures.h; sourceTree = "<group>"; };
		360751EF140A01FD00331A43 /* tokenize.h */ = {isa = PBXFileReference; fileEncoding = 4; lastKnownFileType = sourcecode.c.h; path = tokenize.h; sourceTree = "<group>"; };
		360751F0140A01FD00331A43 /* utilities.h */ = {isa = PBXFileReference; fileEncoding = 4; lastKnownFileType = sourcecode.c.h; path = utilities.h; sourceTree = "<group>"; };
		360751F1140A01FD00331A43 /* word-file.h */ = {isa = PBXFileReference; fileEncoding = 4; lastKnownFileType = sourcecode.c.h; path = "word-file.h"; sourceTree = "<group>"; };
		360751F3140A01FD00331A43 /* analyze-linkage.c */ = {isa = PBXFileReference; fileEncoding = 4; lastKnownFileType = sourcecode.c.c; path = "analyze-linkage.c"; sourceTree = "<group>"; };
		360751F4140A01FD00331A43 /* and.c */ = {isa = PBXFileReference; fileEncoding = 4; lastKnownFileType = sourcecode.c.c; path = and.c; sourceTree = "<group>"; };
		360751F5140A01FD00331A43 /* api-example.c */ = {isa = PBXFileReference; fileEncoding = 4; lastKnownFileType = sourcecode.c.c; path = "api-example.c"; sourceTree = "<group>"; };
		360751F6140A01FD00331A43 /* api.c */ = {isa = PBXFileReference; fileEncoding = 4; lastKnownFileType = sourcecode.c.c; path = api.c; sourceTree = "<group>"; };
		360751F7140A01FD00331A43 /* build-disjuncts.c */ = {isa = PBXFileReference; fileEncoding = 4; lastKnownFileType = sourcecode.c.c; path = "build-disjuncts.c"; sourceTree = "<group>"; };
		360751F8140A01FD00331A43 /* command-line.c */ = {isa = PBXFileReference; fileEncoding = 4; lastKnownFileType = sourcecode.c.c; path = "command-line.c"; sourceTree = "<group>"; };
		360751F9140A01FD00331A43 /* constituent-example.c */ = {isa = PBXFileReference; fileEncoding = 4; lastKnownFileType = sourcecode.c.c; path = "constituent-example.c"; sourceTree = "<group>"; };
		360751FA140A01FD00331A43 /* constituents.c */ = {isa = PBXFileReference; fileEncoding = 4; lastKnownFileType = sourcecode.c.c; path = constituents.c; sourceTree = "<group>"; };
		360751FB140A01FD00331A43 /* count.c */ = {isa = PBXFileReference; fileEncoding = 4; lastKnownFileType = sourcecode.c.c; path = count.c; sourceTree = "<group>"; };
		360751FC140A01FD00331A43 /* error.c */ = {isa = PBXFileReference; fileEncoding = 4; lastKnownFileType = sourcecode.c.c; path = error.c; sourceTree = "<group>"; };
		360751FD140A01FD00331A43 /* extract-links.c */ = {isa = PBXFileReference; fileEncoding = 4; lastKnownFileType = sourcecode.c.c; path = "extract-links.c"; sourceTree = "<group>"; };
		360751FE140A01FD00331A43 /* fast-match.c */ = {isa = PBXFileReference; fileEncoding = 4; lastKnownFileType = sourcecode.c.c; path = "fast-match.c"; sourceTree = "<group>"; };
		360751FF140A01FD00331A43 /* idiom.c */ = {isa = PBXFileReference; fileEncoding = 4; lastKnownFileType = sourcecode.c.c; path = idiom.c; sourceTree = "<group>"; };
		36075200140A01FD00331A43 /* linkset.c */ = {isa = PBXFileReference; fileEncoding = 4; lastKnownFileType = sourcecode.c.c; path = linkset.c; sourceTree = "<group>"; };
		36075201140A01FD00331A43 /* massage.c */ = {isa = PBXFileReference; fileEncoding = 4; lastKnownFileType = sourcecode.c.c; path = massage.c; sourceTree = "<group>"; };
		36075202140A01FD00331A43 /* post-process.c */ = {isa = PBXFileReference; fileEncoding = 4; lastKnownFileType = sourcecode.c.c; path = "post-process.c"; sourceTree = "<group>"; };
		36075203140A01FD00331A43 /* pp_knowledge.c */ = {isa = PBXFileReference; fileEncoding = 4; lastKnownFileType = sourcecode.c.c; path = pp_knowledge.c; sourceTree = "<group>"; };
		36075204140A01FD00331A43 /* pp_lexer.c */ = {isa = PBXFileReference; fileEncoding = 4; lastKnownFileType = sourcecode.c.c; path = pp_lexer.c; sourceTree = "<group>"; };
		36075205140A01FD00331A43 /* pp_linkset.c */ = {isa = PBXFileReference; fileEncoding = 4; lastKnownFileType = sourcecode.c.c; path = pp_linkset.c; sourceTree = "<group>"; };
		36075206140A01FD00331A43 /* preparation.c */ = {isa = PBXFileReference; fileEncoding = 4; lastKnownFileType = sourcecode.c.c; path = preparation.c; sourceTree = "<group>"; };
		36075207140A01FD00331A43 /* print-util.c */ = {isa = PBXFileReference; fileEncoding = 4; lastKnownFileType = sourcecode.c.c; path = "print-util.c"; sourceTree = "<group>"; };
		36075208140A01FD00331A43 /* print.c */ = {isa = PBXFileReference; fileEncoding = 4; lastKnownFileType = sourcecode.c.c; path = print.c; sourceTree = "<group>"; };
		36075209140A01FD00331A43 /* prune.c */ = {isa = PBXFileReference; fileEncoding = 4; lastKnownFileType = sourcecode.c.c; path = prune.c; sourceTree = "<group>"; };
		3607520A140A01FD00331A43 /* read-dict.c */ = {isa = PBXFileReference; fileEncoding = 4; lastKnownFileType = sourcecode.c.c; path = "read-dict.c"; sourceTree = "<group>"; };
		3607520B140A01FD00331A43 /* resources.c */ = {isa = PBXFileReference; fileEncoding = 4; lastKnownFileType = sourcecode.c.c; path = resources.c; sourceTree = "<group>"; };
		3607520C140A01FD00331A43 /* string-set.c */ = {isa = PBXFileReference; fileEncoding = 4; lastKnownFileType = sourcecode.c.c; path = "string-set.c"; sourceTree = "<group>"; };
		3607520D140A01FD00331A43 /* tokenize.c */ = {isa = PBXFileReference; fileEncoding = 4; lastKnownFileType = sourcecode.c.c; path = tokenize.c; sourceTree = "<group>"; };
		3607520E140A01FD00331A43 /* utilities.c */ = {isa = PBXFileReference; fileEncoding = 4; lastKnownFileType = sourcecode.c.c; path = utilities.c; sourceTree = "<group>"; };
		3607520F140A01FD00331A43 /* word-file.c */ = {isa = PBXFileReference; fileEncoding = 4; lastKnownFileType = sourcecode.c.c; path = "word-file.c"; sourceTree = "<group>"; };
		36075210140A01FD00331A43 /* www-parse.c */ = {isa = PBXFileReference; fileEncoding = 4; lastKnownFileType = sourcecode.c.c; path = "www-parse.c"; sourceTree = "<group>"; };
		3667FAF7140A01560014088C /* Comprehend */ = {isa = PBXFileReference; explicitFileType = "compiled.mach-o.executable"; includeInIndex = 0; path = Comprehend; sourceTree = BUILT_PRODUCTS_DIR; };
		3667FAFB140A01560014088C /* main.c */ = {isa = PBXFileReference; lastKnownFileType = sourcecode.c.c; path = main.c; sourceTree = "<group>"; };
		3667FAFD140A01560014088C /* Comprehend.1 */ = {isa = PBXFileReference; lastKnownFileType = text.man; path = Comprehend.1; sourceTree = "<group>"; };
/* End PBXFileReference section */

/* Begin PBXFrameworksBuildPhase section */
		3667FAF4140A01560014088C /* Frameworks */ = {
			isa = PBXFrameworksBuildPhase;
			buildActionMask = 2147483647;
			files = (
			);
			runOnlyForDeploymentPostprocessing = 0;
		};
/* End PBXFrameworksBuildPhase section */

/* Begin PBXGroup section */
		360751D0140A01FD00331A43 /* comprehend.api */ = {
			isa = PBXGroup;
			children = (
				360751D1140A01FD00331A43 /* link.api */,
			);
			path = comprehend.api;
			sourceTree = "<group>";
		};
		360751D1140A01FD00331A43 /* link.api */ = {
			isa = PBXGroup;
			children = (
				360751D2140A01FD00331A43 /* include */,
				360751F2140A01FD00331A43 /* src */,
			);
			path = link.api;
			sourceTree = "<group>";
		};
		360751D2140A01FD00331A43 /* include */ = {
			isa = PBXGroup;
			children = (
				360751D3140A01FD00331A43 /* analyze-linkage.h */,
				360751D4140A01FD00331A43 /* and.h */,
				360751D5140A01FD00331A43 /* api-structures.h */,
				360751D6140A01FD00331A43 /* api.h */,
				360751D7140A01FD00331A43 /* build-disjuncts.h */,
				360751D8140A01FD00331A43 /* constituents.h */,
				360751D9140A01FD00331A43 /* count.h */,
				360751DA140A01FD00331A43 /* error.h */,
				360751DB140A01FD00331A43 /* externs.h */,
				360751DC140A01FD00331A43 /* extract-links.h */,
				360751DD140A01FD00331A43 /* fast-match.h */,
				360751DE140A01FD00331A43 /* idiom.h */,
				360751DF140A01FD00331A43 /* link-includes.h */,
				360751E0140A01FD00331A43 /* linkset.h */,
				360751E1140A01FD00331A43 /* massage.h */,
				360751E2140A01FD00331A43 /* phrase-parse.h */,
				360751E3140A01FD00331A43 /* post-process.h */,
				360751E4140A01FD00331A43 /* pp_knowledge.h */,
				360751E5140A01FD00331A43 /* pp_lexer.h */,
				360751E6140A01FD00331A43 /* pp_linkset.h */,
				360751E7140A01FD00331A43 /* preparation.h */,
				360751E8140A01FD00331A43 /* print-util.h */,
				360751E9140A01FD00331A43 /* print.h */,
				360751EA140A01FD00331A43 /* prune.h */,
				360751EB140A01FD00331A43 /* read-dict.h */,
				360751EC140A01FD00331A43 /* resources.h */,
				360751ED140A01FD00331A43 /* string-set.h */,
				360751EE140A01FD00331A43 /* structures.h */,
				360751EF140A01FD00331A43 /* tokenize.h */,
				360751F0140A01FD00331A43 /* utilities.h */,
				360751F1140A01FD00331A43 /* word-file.h */,
			);
			path = include;
			sourceTree = "<group>";
		};
		360751F2140A01FD00331A43 /* src */ = {
			isa = PBXGroup;
			children = (
				360751F3140A01FD00331A43 /* analyze-linkage.c */,
				360751F4140A01FD00331A43 /* and.c */,
				360751F5140A01FD00331A43 /* api-example.c */,
				360751F6140A01FD00331A43 /* api.c */,
				360751F7140A01FD00331A43 /* build-disjuncts.c */,
				360751F8140A01FD00331A43 /* command-line.c */,
				360751F9140A01FD00331A43 /* constituent-example.c */,
				360751FA140A01FD00331A43 /* constituents.c */,
				360751FB140A01FD00331A43 /* count.c */,
				360751FC140A01FD00331A43 /* error.c */,
				360751FD140A01FD00331A43 /* extract-links.c */,
				360751FE140A01FD00331A43 /* fast-match.c */,
				360751FF140A01FD00331A43 /* idiom.c */,
				36075200140A01FD00331A43 /* linkset.c */,
				36075201140A01FD00331A43 /* massage.c */,
				36075202140A01FD00331A43 /* post-process.c */,
				36075203140A01FD00331A43 /* pp_knowledge.c */,
				36075204140A01FD00331A43 /* pp_lexer.c */,
				36075205140A01FD00331A43 /* pp_linkset.c */,
				36075206140A01FD00331A43 /* preparation.c */,
				36075207140A01FD00331A43 /* print-util.c */,
				36075208140A01FD00331A43 /* print.c */,
				36075209140A01FD00331A43 /* prune.c */,
				3607520A140A01FD00331A43 /* read-dict.c */,
				3607520B140A01FD00331A43 /* resources.c */,
				3607520C140A01FD00331A43 /* string-set.c */,
				3607520D140A01FD00331A43 /* tokenize.c */,
				3607520E140A01FD00331A43 /* utilities.c */,
				3607520F140A01FD00331A43 /* word-file.c */,
				36075210140A01FD00331A43 /* www-parse.c */,
			);
			path = src;
			sourceTree = "<group>";
		};
		3667FAEC140A01560014088C = {
			isa = PBXGroup;
			children = (
				3667FAFA140A01560014088C /* Comprehend */,
				3667FAF8140A01560014088C /* Products */,
			);
			sourceTree = "<group>";
		};
		3667FAF8140A01560014088C /* Products */ = {
			isa = PBXGroup;
			children = (
				3667FAF7140A01560014088C /* Comprehend */,
			);
			name = Products;
			sourceTree = "<group>";
		};
		3667FAFA140A01560014088C /* Comprehend */ = {
			isa = PBXGroup;
			children = (
				360751D0140A01FD00331A43 /* comprehend.api */,
				3667FAFB140A01560014088C /* main.c */,
				3667FAFD140A01560014088C /* Comprehend.1 */,
			);
			path = Comprehend;
			sourceTree = "<group>";
		};
/* End PBXGroup section */

/* Begin PBXNativeTarget section */
		3667FAF6140A01560014088C /* Comprehend */ = {
			isa = PBXNativeTarget;
			buildConfigurationList = 3667FB01140A01560014088C /* Build configuration list for PBXNativeTarget "Comprehend" */;
			buildPhases = (
				3667FAF3140A01560014088C /* Sources */,
				3667FAF4140A01560014088C /* Frameworks */,
				3667FAF5140A01560014088C /* CopyFiles */,
			);
			buildRules = (
			);
			dependencies = (
			);
			name = Comprehend;
			productName = Comprehend;
			productReference = 3667FAF7140A01560014088C /* Comprehend */;
			productType = "com.apple.product-type.tool";
		};
/* End PBXNativeTarget section */

/* Begin PBXProject section */
		3667FAEE140A01560014088C /* Project object */ = {
			isa = PBXProject;
			attributes = {
				ORGANIZATIONNAME = "Sheyne Anderson";
			};
			buildConfigurationList = 3667FAF1140A01560014088C /* Build configuration list for PBXProject "Comprehend" */;
			compatibilityVersion = "Xcode 3.2";
			developmentRegion = English;
			hasScannedForEncodings = 0;
			knownRegions = (
				en,
			);
			mainGroup = 3667FAEC140A01560014088C;
			productRefGroup = 3667FAF8140A01560014088C /* Products */;
			projectDirPath = "";
			projectRoot = "";
			targets = (
				3667FAF6140A01560014088C /* Comprehend */,
			);
		};
/* End PBXProject section */

/* Begin PBXSourcesBuildPhase section */
		3667FAF3140A01560014088C /* Sources */ = {
			isa = PBXSourcesBuildPhase;
			buildActionMask = 2147483647;
			files = (
				3667FAFC140A01560014088C /* main.c in Sources */,
				36075211140A01FD00331A43 /* analyze-linkage.c in Sources */,
				36075212140A01FD00331A43 /* and.c in Sources */,
				36075213140A01FD00331A43 /* api-example.c in Sources */,
				36075214140A01FD00331A43 /* api.c in Sources */,
				36075215140A01FD00331A43 /* build-disjuncts.c in Sources */,
				36075216140A01FD00331A43 /* command-line.c in Sources */,
				36075217140A01FD00331A43 /* constituent-example.c in Sources */,
				36075218140A01FD00331A43 /* constituents.c in Sources */,
				36075219140A01FD00331A43 /* count.c in Sources */,
				3607521A140A01FD00331A43 /* error.c in Sources */,
				3607521B140A01FD00331A43 /* extract-links.c in Sources */,
				3607521C140A01FD00331A43 /* fast-match.c in Sources */,
				3607521D140A01FD00331A43 /* idiom.c in Sources */,
				3607521E140A01FD00331A43 /* linkset.c in Sources */,
				3607521F140A01FD00331A43 /* massage.c in Sources */,
				36075220140A01FD00331A43 /* post-process.c in Sources */,
				36075221140A01FD00331A43 /* pp_knowledge.c in Sources */,
				36075222140A01FD00331A43 /* pp_lexer.c in Sources */,
				36075223140A01FD00331A43 /* pp_linkset.c in Sources */,
				36075224140A01FD00331A43 /* preparation.c in Sources */,
				36075225140A01FD00331A43 /* print-util.c in Sources */,
				36075226140A01FD00331A43 /* print.c in Sources */,
				36075227140A01FD00331A43 /* prune.c in Sources */,
				36075228140A01FD00331A43 /* read-dict.c in Sources */,
				36075229140A01FD00331A43 /* resources.c in Sources */,
				3607522A140A01FD00331A43 /* string-set.c in Sources */,
				3607522B140A01FD00331A43 /* tokenize.c in Sources */,
				3607522C140A01FD00331A43 /* utilities.c in Sources */,
				3607522D140A01FD00331A43 /* word-file.c in Sources */,
				3607522E140A01FD00331A43 /* www-parse.c in Sources */,
			);
			runOnlyForDeploymentPostprocessing = 0;
		};
/* End PBXSourcesBuildPhase section */

/* Begin XCBuildConfiguration section */
		3667FAFF140A01560014088C /* Debug */ = {
			isa = XCBuildConfiguration;
			buildSettings = {
				ALWAYS_SEARCH_USER_PATHS = NO;
				ARCHS = "$(ARCHS_STANDARD_64_BIT)";
				COPY_PHASE_STRIP = NO;
				GCC_C_LANGUAGE_STANDARD = gnu99;
				GCC_DYNAMIC_NO_PIC = NO;
				GCC_ENABLE_OBJC_EXCEPTIONS = YES;
				GCC_OPTIMIZATION_LEVEL = 0;
				GCC_PREPROCESSOR_DEFINITIONS = (
					"DEBUG=1",
					"$(inherited)",
				);
				GCC_SYMBOLS_PRIVATE_EXTERN = NO;
				GCC_VERSION = com.apple.compilers.llvm.clang.1_0;
				GCC_WARN_64_TO_32_BIT_CONVERSION = YES;
				GCC_WARN_ABOUT_MISSING_PROTOTYPES = YES;
				GCC_WARN_ABOUT_RETURN_TYPE = YES;
				GCC_WARN_UNUSED_VARIABLE = YES;
				MACOSX_DEPLOYMENT_TARGET = 10.7;
				ONLY_ACTIVE_ARCH = YES;
				SDKROOT = macosx;
			};
			name = Debug;
		};
		3667FB00140A01560014088C /* Release */ = {
			isa = XCBuildConfiguration;
			buildSettings = {
				ALWAYS_SEARCH_USER_PATHS = NO;
				ARCHS = "$(ARCHS_STANDARD_64_BIT)";
				COPY_PHASE_STRIP = YES;
				DEBUG_INFORMATION_FORMAT = "dwarf-with-dsym";
				GCC_C_LANGUAGE_STANDARD = gnu99;
				GCC_ENABLE_OBJC_EXCEPTIONS = YES;
				GCC_VERSION = com.apple.compilers.llvm.clang.1_0;
				GCC_WARN_64_TO_32_BIT_CONVERSION = YES;
				GCC_WARN_ABOUT_MISSING_PROTOTYPES = YES;
				GCC_WARN_ABOUT_RETURN_TYPE = YES;
				GCC_WARN_UNUSED_VARIABLE = YES;
				MACOSX_DEPLOYMENT_TARGET = 10.7;
				SDKROOT = macosx;
			};
			name = Release;
		};
		3667FB02140A01560014088C /* Debug */ = {
			isa = XCBuildConfiguration;
			buildSettings = {
				PRODUCT_NAME = "$(TARGET_NAME)";
			};
			name = Debug;
		};
		3667FB03140A01560014088C /* Release */ = {
			isa = XCBuildConfiguration;
			buildSettings = {
				PRODUCT_NAME = "$(TARGET_NAME)";
			};
			name = Release;
		};
/* End XCBuildConfiguration section */

/* Begin XCConfigurationList section */
		3667FAF1140A01560014088C /* Build configuration list for PBXProject "Comprehend" */ = {
			isa = XCConfigurationList;
			buildConfigurations = (
				3667FAFF140A01560014088C /* Debug */,
				3667FB00140A01560014088C /* Release */,
			);
			defaultConfigurationIsVisible = 0;
			defaultConfigurationName = Release;
		};
		3667FB01140A01560014088C /* Build configuration list for PBXNativeTarget "Comprehend" */ = {
			isa = XCConfigurationList;
			buildConfigurations = (
				3667FB02140A01560014088C /* Debug */,
				3667FB03140A01560014088C /* Release */,
			);
			defaultConfigurationIsVisible = 0;
			defaultConfigurationName = Release;
		};
/* End XCConfigurationList section */
	};
	rootObject = 3667FAEE140A01560014088C /* Project object */;
}
